{
  "name": "npm_test",
  "version": "1.1.0",
  "lockfileVersion": 3,
  "requires": true,
  "packages": {
    "": {
      "name": "npm_test",
      "version": "1.1.0",
      "license": "ISC",
      "dependencies": {
        "bitbucket-cachi2-npm-without-deps-second": "https://github.com/cachito-testing/cachito-npm-without-deps.git",
        "debug": "",
        "is-positive": "github:kevva/is-positive"
      }
    },
    "node_modules/bitbucket-cachi2-npm-without-deps-second": {
      "name": "cachito-npm-without-deps",
      "version": "1.0.0",
      "resolved": "git+ssh://git@github.com/cachito-testing/cachito-npm-without-deps.git#2f0ce1d7b1f8b35572d919428b965285a69583f6"
    },
    "node_modules/debug": {
      "version": "4.3.4",
      "resolved": "https://registry.npmjs.org/debug/-/debug-4.3.4.tgz",
      "integrity": "sha512-PRWFHuSU3eDtQJPvnNY7Jcket1j0t5OuOsFzPPzsekD52Zl8qUfFIPEiswXqIvHWGVHOgX+7G/vCNNhehwxfkQ==",
      "dependencies": {
        "ms": "2.1.2"
      },
      "engines": {
        "node": ">=6.0"
      },
      "peerDependenciesMeta": {
        "supports-color": {
          "optional": true
        }
      }
    },
    "node_modules/is-positive": {
      "version": "3.1.0",
      "resolved": "git+ssh://git@github.com/kevva/is-positive.git#97edff6f525f192a3f83cea1944765f769ae2678",
      "license": "MIT",
      "engines": {
        "node": ">=0.10.0"
      }
    },
    "node_modules/ms": {
      "version": "2.1.2",
      "resolved": "https://registry.npmjs.org/ms/-/ms-2.1.2.tgz",
      "integrity": "sha512-sGkPx+VjMtmA6MX27oA4FBFELFCZZ4S4XqeGOXCv68tT+jb3vk/RyaKWP0PTKyWtmLSM0b+adUTEvbs1PEaH2w=="
    }
  }
}
