{
  "name": "npm_test",
  "version": "1.1.0",
  "lockfileVersion": 2,
  "requires": true,
  "packages": {
    "": {
      "name": "npm_test",
      "version": "1.1.0",
      "license": "ISC",
      "workspaces": [
        "baz"
      ],
      "dependencies": {
        "bitbucket-cachi2-npm-without-deps-second": "https://bitbucket.org/cachi-testing/cachi2-without-deps-second.git",
        "is-positive": "github:kevva/is-positive"
      }
    },
    "baz": {
      "name": "not-baz",
      "version": "1.0.0",
      "license": "ISC",
      "dependencies": {
        "bitbucket-cachi2-npm-without-deps": "https://bitbucket.org/cachi-testing/cachi2-without-deps.git",
        "debug": ""
      }
    },
    "node_modules/bitbucket-cachi2-npm-without-deps": {
      "version": "1.0.0",
      "resolved": "git+ssh://git@bitbucket.org/cachi-testing/cachi2-without-deps.git#9e164b97043a2d91bbeb992f6cc68a3d1015086a"
    },
    "node_modules/bitbucket-cachi2-npm-without-deps-second": {
      "version": "2.0.0",
      "resolved": "git+ssh://git@bitbucket.org/cachi-testing/cachi2-without-deps-second.git#09992d418fc44a2895b7a9ff27c4e32d6f74a982"
    },
    "node_modules/debug": {
      "version": "4.3.4",
      "resolved": "https://registry.npmjs.org/debug/-/debug-4.3.4.tgz",
      "integrity": "sha512-PRWFHuSU3eDtQJPvnNY7Jcket1j0t5OuOsFzPPzsekD52Zl8qUfFIPEiswXqIvHWGVHOgX+7G/vCNNhehwxfkQ==",
      "dependencies": {
        "ms": "2.1.2"
      },
      "engines": {
        "node": ">=6.0"
      },
      "peerDependenciesMeta": {
        "supports-color": {
          "optional": true
        }
      }
    },
    "node_modules/is-positive": {
      "version": "3.1.0",
      "resolved": "git+ssh://git@github.com/kevva/is-positive.git#97edff6f525f192a3f83cea1944765f769ae2678",
      "license": "MIT",
      "engines": {
        "node": ">=0.10.0"
      }
    },
    "node_modules/ms": {
      "version": "2.1.2",
      "resolved": "https://registry.npmjs.org/ms/-/ms-2.1.2.tgz",
      "integrity": "sha512-sGkPx+VjMtmA6MX27oA4FBFELFCZZ4S4XqeGOXCv68tT+jb3vk/RyaKWP0PTKyWtmLSM0b+adUTEvbs1PEaH2w=="
    },
    "node_modules/not-baz": {
      "resolved": "baz",
      "link": true
    }
  },
  "dependencies": {
    "bitbucket-cachi2-npm-without-deps": {
      "version": "git+ssh://git@bitbucket.org/cachi-testing/cachi2-without-deps.git#9e164b97043a2d91bbeb992f6cc68a3d1015086a",
      "from": "bitbucket-cachi2-npm-without-deps@https://bitbucket.org/cachi-testing/cachi2-without-deps.git"
    },
    "bitbucket-cachi2-npm-without-deps-second": {
      "version": "git+ssh://git@bitbucket.org/cachi-testing/cachi2-without-deps-second.git#09992d418fc44a2895b7a9ff27c4e32d6f74a982",
      "from": "bitbucket-cachi2-npm-without-deps-second@https://bitbucket.org/cachi-testing/cachi2-without-deps-second.git"
    },
    "debug": {
      "version": "4.3.4",
      "resolved": "https://registry.npmjs.org/debug/-/debug-4.3.4.tgz",
      "integrity": "sha512-PRWFHuSU3eDtQJPvnNY7Jcket1j0t5OuOsFzPPzsekD52Zl8qUfFIPEiswXqIvHWGVHOgX+7G/vCNNhehwxfkQ==",
      "requires": {
        "ms": "2.1.2"
      }
    },
    "is-positive": {
      "version": "git+ssh://git@github.com/kevva/is-positive.git#97edff6f525f192a3f83cea1944765f769ae2678",
      "from": "is-positive@github:kevva/is-positive"
    },
    "ms": {
      "version": "2.1.2",
      "resolved": "https://registry.npmjs.org/ms/-/ms-2.1.2.tgz",
      "integrity": "sha512-sGkPx+VjMtmA6MX27oA4FBFELFCZZ4S4XqeGOXCv68tT+jb3vk/RyaKWP0PTKyWtmLSM0b+adUTEvbs1PEaH2w=="
    },
    "not-baz": {
      "version": "file:baz",
      "requires": {
        "bitbucket-cachi2-npm-without-deps": "https://bitbucket.org/cachi-testing/cachi2-without-deps.git",
        "debug": ""
      }
    }
  }
}
