{
  "name": "npm_test",
  "version": "1.1.0",
  "lockfileVersion": 1,
  "requires": true,
  "dependencies": {
    "bitbucket-cachi2-npm-without-deps-second": {
      "version": "git+https://bitbucket.org/cachi-testing/cachi2-without-deps-second.git#09992d418fc44a2895b7a9ff27c4e32d6f74a982",
      "from": "git+https://bitbucket.org/cachi-testing/cachi2-without-deps-second.git"
    },
    "fecha": {
      "version": "file:fecha-4.2.3.tgz",
      "integrity": "sha512-OP2IUU6HeYKJi3i0z4A19kHMQoLVs4Hc+DPqqxI2h/DPZHTm/vjsfC6P0b4jCMy14XizLBqvndQ+UilD7707Jw=="
    },
    "is-positive": {
      "version": "github:kevva/is-positive#97edff6f525f192a3f83cea1944765f769ae2678",
      "from": "github:kevva/is-positive"
    }
  }
}
